{
  "requires": true,
  "lockfileVersion": 1,
  "dependencies": {
    "cap": {
      "version": "0.2.1",
      "resolved": "https://registry.npmjs.org/cap/-/cap-0.2.1.tgz",
      "integrity": "sha512-0n10YndTkI4V+rsPVvYFdqlA0Bjf8NFlP/Wgp0W0ymudkijuqkmSVdIWigFe2YdPhjjxTJdW9Mu5ee4VwB0L+A==",
      "requires": {
        "nan": "^2.14.0"
      }
    },
    "crypto": {
      "version": "1.0.1",
      "resolved": "https://registry.npmjs.org/crypto/-/crypto-1.0.1.tgz",
      "integrity": "sha512-VxBKmeNcqQdiUQUW2Tzq0t377b54N2bMtXO/qiLa+6eRRmmC4qT3D4OnTGoT/U6O9aklQ/jTwbOtRMTTY8G0Ig=="
    },
    "duplexer": {
      "version": "0.1.1",
      "resolved": "https://registry.npmjs.org/duplexer/-/duplexer-0.1.1.tgz",
      "integrity": "sha1-rOb/gIwc5mtX0ev5eXessCM0z8E="
    },
    "event-stream": {
      "version": "4.0.1",
      "resolved": "https://registry.npmjs.org/event-stream/-/event-stream-4.0.1.tgz",
      "integrity": "sha512-qACXdu/9VHPBzcyhdOWR5/IahhGMf0roTeZJfzz077GwylcDd90yOHLouhmv7GJ5XzPi6ekaQWd8AvPP2nOvpA==",
      "requires": {
        "duplexer": "^0.1.1",
        "from": "^0.1.7",
        "map-stream": "0.0.7",
        "pause-stream": "^0.0.11",
        "split": "^1.0.1",
        "stream-combiner": "^0.2.2",
        "through": "^2.3.8"
      }
    },
    "from": {
      "version": "0.1.7",
      "resolved": "https://registry.npmjs.org/from/-/from-0.1.7.tgz",
      "integrity": "sha1-g8YK/Fi5xWmXAH7Rp2izqzA6RP4="
    },
    "iconv": {
      "version": "2.3.5",
      "resolved": "https://registry.npmjs.org/iconv/-/iconv-2.3.5.tgz",
      "integrity": "sha512-U5ajDbtDfadp7pvUMC0F2XbkP5vQn9Xrwa6UptePl+cK8EILxapAt3sXers9B3Gxagk+zVjL2ELKuzQvyqOwug==",
      "requires": {
        "nan": "^2.14.0",
        "safer-buffer": "^2.1.2"
      }
    },
    "iconv-lite": {
      "version": "0.5.1",
      "resolved": "https://registry.npmjs.org/iconv-lite/-/iconv-lite-0.5.1.tgz",
      "integrity": "sha512-ONHr16SQvKZNSqjQT9gy5z24Jw+uqfO02/ngBSBoqChZ+W8qXX7GPRa1RoUnzGADw8K63R1BXUMzarCVQBpY8Q==",
      "requires": {
        "safer-buffer": ">= 2.1.2 < 3"
      }
    },
    "is_js": {
      "version": "0.9.0",
      "resolved": "https://registry.npmjs.org/is_js/-/is_js-0.9.0.tgz",
      "integrity": "sha1-CrlFQFArp6+iTIVqqYVWFmnpxS0="
    },
    "lsof": {
      "version": "0.1.0",
      "resolved": "https://registry.npmjs.org/lsof/-/lsof-0.1.0.tgz",
      "integrity": "sha1-rALU2HYGIB8TZLr7FcSRz9WuMJI="
    },
    "map-stream": {
      "version": "0.0.7",
      "resolved": "https://registry.npmjs.org/map-stream/-/map-stream-0.0.7.tgz",
      "integrity": "sha1-ih8HiW2CsQkmvTdEokIACfiJdKg="
    },
    "nan": {
      "version": "2.14.0",
      "resolved": "https://registry.npmjs.org/nan/-/nan-2.14.0.tgz",
      "integrity": "sha512-INOFj37C7k3AfaNTtX8RhsTw7qRy7eLET14cROi9+5HAVbbHuIWUHEauBv5qT4Av2tWasiTY1Jw6puUNqRJXQg=="
    },
    "network-scanner": {
      "version": "0.0.2",
      "resolved": "https://registry.npmjs.org/network-scanner/-/network-scanner-0.0.2.tgz",
      "integrity": "sha1-/9SLW+6WnE34B/8p8VaylPUQ4aQ="
    },
    "network-sniffer": {
      "version": "0.1.0",
      "resolved": "https://registry.npmjs.org/network-sniffer/-/network-sniffer-0.1.0.tgz",
      "integrity": "sha1-5+V7A385Q11o9ja7bKa0HOhGg04=",
      "requires": {
        "lsof": "^0.1.0"
      }
    },
    "node-fetch": {
      "version": "2.6.0",
      "resolved": "https://registry.npmjs.org/node-fetch/-/node-fetch-2.6.0.tgz",
      "integrity": "sha512-8dG4H5ujfvFiqDmVu9fQ5bOHUC15JMjMY/Zumv26oOvvVJjM67KF8koCWIabKQ1GJIa9r2mMZscBq/TbdOcmNA=="
    },
    "osniffer": {
      "version": "1.0.1",
      "resolved": "https://registry.npmjs.org/osniffer/-/osniffer-1.0.1.tgz",
      "integrity": "sha1-pMXI6L/LmAjX9u2FREUTMslYsx8="
    },
    "pause-stream": {
      "version": "0.0.11",
      "resolved": "https://registry.npmjs.org/pause-stream/-/pause-stream-0.0.11.tgz",
      "integrity": "sha1-/lo0sMvOErWqaitAPuLnO2AvFEU=",
      "requires": {
        "through": "~2.3"
      }
    },
    "request-ip": {
      "version": "2.1.3",
      "resolved": "https://registry.npmjs.org/request-ip/-/request-ip-2.1.3.tgz",
      "integrity": "sha512-J3qdE/IhVM3BXkwMIVO4yFrvhJlU3H7JH16+6yHucadT4fePnR8dyh+vEs6FIx0S2x5TCt2ptiPfHcn0sqhbYQ==",
      "requires": {
        "is_js": "^0.9.0"
      }
    },
    "safer-buffer": {
      "version": "2.1.2",
      "resolved": "https://registry.npmjs.org/safer-buffer/-/safer-buffer-2.1.2.tgz",
      "integrity": "sha512-YZo3K82SD7Riyi0E1EQPojLz7kpepnSQI9IyPbHHg1XXXevb5dJI7tpyN2ADxGcQbHG7vcyRHk0cbwqcQriUtg=="
    },
    "split": {
      "version": "1.0.1",
      "resolved": "https://registry.npmjs.org/split/-/split-1.0.1.tgz",
      "integrity": "sha512-mTyOoPbrivtXnwnIxZRFYRrPNtEFKlpB2fvjSnCQUiAA6qAZzqwna5envK4uk6OIeP17CsdF3rSBGYVBsU0Tkg==",
      "requires": {
        "through": "2"
      }
    },
    "stream-combiner": {
      "version": "0.2.2",
      "resolved": "https://registry.npmjs.org/stream-combiner/-/stream-combiner-0.2.2.tgz",
      "integrity": "sha1-rsjLrBd7Vrb0+kec7YwZEs7lKFg=",
      "requires": {
        "duplexer": "~0.1.1",
        "through": "~2.3.4"
      }
    },
    "through": {
      "version": "2.3.8",
      "resolved": "https://registry.npmjs.org/through/-/through-2.3.8.tgz",
      "integrity": "sha1-DdTJ/6q8NXlgsbckEV1+Doai4fU="
    },
    "zlib": {
      "version": "1.0.5",
      "resolved": "https://registry.npmjs.org/zlib/-/zlib-1.0.5.tgz",
      "integrity": "sha1-bnyXL8NxxkWmr7A6sUdp3vEU/MA="
    }
  }
}
